
Microsoft Visual Studio Solution File, Format Version 12.00
# Visual Studio Version 17
VisualStudioVersion = 17.6.33723.286
MinimumVisualStudioVersion = 10.0.40219.1
Project("{9A19103F-16F7-4668-BE54-9A1E7A4F7556}") = "Assigment4", "Assigment4\Assigment4.csproj", "{3C0FFBDC-A74A-4B84-B140-E7D57D776EEA}"
EndProject
Global
	GlobalSection(SolutionConfigurationPlatforms) = preSolution
		Debug|Any CPU = Debug|Any CPU
		Release|Any CPU = Release|Any CPU
	EndGlobalSection
	GlobalSection(ProjectConfigurationPlatforms) = postSolution
		{3C0FFBDC-A74A-4B84-B140-E7D57D776EEA}.Debug|Any CPU.ActiveCfg = Debug|Any CPU
		{3C0FFBDC-A74A-4B84-B140-E7D57D776EEA}.Debug|Any CPU.Build.0 = Debug|Any CPU
		{3C0FFBDC-A74A-4B84-B140-E7D57D776EEA}.Release|Any CPU.ActiveCfg = Release|Any CPU
		{3C0FFBDC-A74A-4B84-B140-E7D57D776EEA}.Release|Any CPU.Build.0 = Release|Any CPU
	EndGlobalSection
	GlobalSection(SolutionProperties) = preSolution
		HideSolutionNode = FALSE
	EndGlobalSection
	GlobalSection(ExtensibilityGlobals) = postSolution
		SolutionGuid = {344B871E-84D7-40B3-BA09-29923019122E}
	EndGlobalSection
EndGlobal
